// !$*UTF8*$!
{
	archiveVersion = 1;
	classes = {
	};
	objectVersion = 51;
	objects = {

/* Begin PBXBuildFile section */
		1F12665EF05212D73583BB06 /* Pods_My_Movie.framework in Frameworks */ = {isa = PBXBuildFile; fileRef = BAE7C7126FAC84176E3FC3E9 /* Pods_My_Movie.framework */; };
		8450038F255FE83100968CBD /* AppDelegate.swift in Sources */ = {isa = PBXBuildFile; fileRef = 8450038E255FE83100968CBD /* AppDelegate.swift */; };
		84500391255FE83100968CBD /* SceneDelegate.swift in Sources */ = {isa = PBXBuildFile; fileRef = 84500390255FE83100968CBD /* SceneDelegate.swift */; };
		84500393255FE83100968CBD /* AuthViewController.swift in Sources */ = {isa = PBXBuildFile; fileRef = 84500392255FE83100968CBD /* AuthViewController.swift */; };
		84500396255FE83100968CBD /* Main.storyboard in Resources */ = {isa = PBXBuildFile; fileRef = 84500394255FE83100968CBD /* Main.storyboard */; };
		84500398255FE83300968CBD /* Assets.xcassets in Resources */ = {isa = PBXBuildFile; fileRef = 84500397255FE83300968CBD /* Assets.xcassets */; };
		8450039B255FE83300968CBD /* LaunchScreen.storyboard in Resources */ = {isa = PBXBuildFile; fileRef = 84500399255FE83300968CBD /* LaunchScreen.storyboard */; };
		845003B22560586200968CBD /* SignUpViewController.swift in Sources */ = {isa = PBXBuildFile; fileRef = 845003B12560586200968CBD /* SignUpViewController.swift */; };
		845003B9256068F000968CBD /* LoginViewController.swift in Sources */ = {isa = PBXBuildFile; fileRef = 845003B8256068F000968CBD /* LoginViewController.swift */; };
		845003BC25606C5000968CBD /* CustomizeGoogleButton.swift in Sources */ = {isa = PBXBuildFile; fileRef = 845003BB25606C5000968CBD /* CustomizeGoogleButton.swift */; };
		845CE5E8256EF36A00DF6CBF /* TVTableViewController.swift in Sources */ = {isa = PBXBuildFile; fileRef = 845CE5E7256EF36A00DF6CBF /* TVTableViewController.swift */; };
		845CE5EC256EF3D100DF6CBF /* TVTableViewCell.swift in Sources */ = {isa = PBXBuildFile; fileRef = 845CE5EB256EF3D100DF6CBF /* TVTableViewCell.swift */; };
		845CE5F0256EF4AA00DF6CBF /* PopularTV.swift in Sources */ = {isa = PBXBuildFile; fileRef = 845CE5EF256EF4AA00DF6CBF /* PopularTV.swift */; };
		845CE5F3257013CA00DF6CBF /* TopTV.swift in Sources */ = {isa = PBXBuildFile; fileRef = 845CE5F2257013CA00DF6CBF /* TopTV.swift */; };
		845CE5F62570162E00DF6CBF /* OnTheAir.swift in Sources */ = {isa = PBXBuildFile; fileRef = 845CE5F52570162E00DF6CBF /* OnTheAir.swift */; };
		845CE5F92570228500DF6CBF /* DetailsTVViewController.swift in Sources */ = {isa = PBXBuildFile; fileRef = 845CE5F82570228500DF6CBF /* DetailsTVViewController.swift */; };
		845CE602257051A300DF6CBF /* ActorsTVTableViewCell.swift in Sources */ = {isa = PBXBuildFile; fileRef = 845CE601257051A300DF6CBF /* ActorsTVTableViewCell.swift */; };
		845CE6052571696B00DF6CBF /* SearchTableViewController.swift in Sources */ = {isa = PBXBuildFile; fileRef = 845CE6042571696B00DF6CBF /* SearchTableViewController.swift */; };
		845CE60A2571711200DF6CBF /* SearchMovie.swift in Sources */ = {isa = PBXBuildFile; fileRef = 845CE6092571711200DF6CBF /* SearchMovie.swift */; };
		845CE60D2571831000DF6CBF /* SearchTableViewCell.swift in Sources */ = {isa = PBXBuildFile; fileRef = 845CE60C2571831000DF6CBF /* SearchTableViewCell.swift */; };
		845CE6122571AC1000DF6CBF /* SearchTVShow.swift in Sources */ = {isa = PBXBuildFile; fileRef = 845CE6112571AC1000DF6CBF /* SearchTVShow.swift */; };
		845FF3AE2561B73200932F28 /* MovieTableViewController.swift in Sources */ = {isa = PBXBuildFile; fileRef = 845FF3AD2561B73200932F28 /* MovieTableViewController.swift */; };
		845FF3B22561B7BF00932F28 /* MovieTableViewCell.swift in Sources */ = {isa = PBXBuildFile; fileRef = 845FF3B12561B7BF00932F28 /* MovieTableViewCell.swift */; };
		845FF3B52561BB5600932F28 /* Popular.swift in Sources */ = {isa = PBXBuildFile; fileRef = 845FF3B42561BB5600932F28 /* Popular.swift */; };
		845FF3B82561C95C00932F28 /* NetworkManager.swift in Sources */ = {isa = PBXBuildFile; fileRef = 845FF3B72561C95C00932F28 /* NetworkManager.swift */; };
		845FF3C32563172300932F28 /* TopList.swift in Sources */ = {isa = PBXBuildFile; fileRef = 845FF3C22563172300932F28 /* TopList.swift */; };
		845FF3CA2564539000932F28 /* Upcoming.swift in Sources */ = {isa = PBXBuildFile; fileRef = 845FF3C92564539000932F28 /* Upcoming.swift */; };
		845FF3CD25645B2700932F28 /* ImageView.swift in Sources */ = {isa = PBXBuildFile; fileRef = 845FF3CC25645B2700932F28 /* ImageView.swift */; };
		845FF3D025645B5D00932F28 /* ImageManager.swift in Sources */ = {isa = PBXBuildFile; fileRef = 845FF3CF25645B5D00932F28 /* ImageManager.swift */; };
		845FF3D82565BFA000932F28 /* DetailsMovieViewController.swift in Sources */ = {isa = PBXBuildFile; fileRef = 845FF3D72565BFA000932F28 /* DetailsMovieViewController.swift */; };
		84C64D13256DAFD700BC0E2E /* Credit.swift in Sources */ = {isa = PBXBuildFile; fileRef = 84C64D12256DAFD700BC0E2E /* Credit.swift */; };
		84C64D16256DB27000BC0E2E /* ActorsTableViewCell.swift in Sources */ = {isa = PBXBuildFile; fileRef = 84C64D15256DB27000BC0E2E /* ActorsTableViewCell.swift */; };
		84E45D522568483C0018092C /* Video.swift in Sources */ = {isa = PBXBuildFile; fileRef = 84E45D512568483C0018092C /* Video.swift */; };
		84E45D5B25684CE90018092C /* VideoViewController.swift in Sources */ = {isa = PBXBuildFile; fileRef = 84E45D5A25684CE90018092C /* VideoViewController.swift */; };
/* End PBXBuildFile section */

/* Begin PBXFileReference section */
		467D3DEB8D53CDE718932478 /* Pods-My Movie.debug.xcconfig */ = {isa = PBXFileReference; includeInIndex = 1; lastKnownFileType = text.xcconfig; name = "Pods-My Movie.debug.xcconfig"; path = "Target Support Files/Pods-My Movie/Pods-My Movie.debug.xcconfig"; sourceTree = "<group>"; };
		8450038B255FE83100968CBD /* My Movie.app */ = {isa = PBXFileReference; explicitFileType = wrapper.application; includeInIndex = 0; path = "My Movie.app"; sourceTree = BUILT_PRODUCTS_DIR; };
		8450038E255FE83100968CBD /* AppDelegate.swift */ = {isa = PBXFileReference; lastKnownFileType = sourcecode.swift; path = AppDelegate.swift; sourceTree = "<group>"; };
		84500390255FE83100968CBD /* SceneDelegate.swift */ = {isa = PBXFileReference; lastKnownFileType = sourcecode.swift; path = SceneDelegate.swift; sourceTree = "<group>"; };
		84500392255FE83100968CBD /* AuthViewController.swift */ = {isa = PBXFileReference; lastKnownFileType = sourcecode.swift; path = AuthViewController.swift; sourceTree = "<group>"; };
		84500395255FE83100968CBD /* Base */ = {isa = PBXFileReference; lastKnownFileType = file.storyboard; name = Base; path = Base.lproj/Main.storyboard; sourceTree = "<group>"; };
		84500397255FE83300968CBD /* Assets.xcassets */ = {isa = PBXFileReference; lastKnownFileType = folder.assetcatalog; path = Assets.xcassets; sourceTree = "<group>"; };
		8450039A255FE83300968CBD /* Base */ = {isa = PBXFileReference; lastKnownFileType = file.storyboard; name = Base; path = Base.lproj/LaunchScreen.storyboard; sourceTree = "<group>"; };
		8450039C255FE83300968CBD /* Info.plist */ = {isa = PBXFileReference; lastKnownFileType = text.plist.xml; path = Info.plist; sourceTree = "<group>"; };
		845003B12560586200968CBD /* SignUpViewController.swift */ = {isa = PBXFileReference; lastKnownFileType = sourcecode.swift; path = SignUpViewController.swift; sourceTree = "<group>"; };
		845003B8256068F000968CBD /* LoginViewController.swift */ = {isa = PBXFileReference; lastKnownFileType = sourcecode.swift; path = LoginViewController.swift; sourceTree = "<group>"; };
		845003BB25606C5000968CBD /* CustomizeGoogleButton.swift */ = {isa = PBXFileReference; lastKnownFileType = sourcecode.swift; path = CustomizeGoogleButton.swift; sourceTree = "<group>"; };
		845CE5E7256EF36A00DF6CBF /* TVTableViewController.swift */ = {isa = PBXFileReference; lastKnownFileType = sourcecode.swift; path = TVTableViewController.swift; sourceTree = "<group>"; };
		845CE5EB256EF3D100DF6CBF /* TVTableViewCell.swift */ = {isa = PBXFileReference; lastKnownFileType = sourcecode.swift; path = TVTableViewCell.swift; sourceTree = "<group>"; };
		845CE5EF256EF4AA00DF6CBF /* PopularTV.swift */ = {isa = PBXFileReference; lastKnownFileType = sourcecode.swift; path = PopularTV.swift; sourceTree = "<group>"; };
		845CE5F2257013CA00DF6CBF /* TopTV.swift */ = {isa = PBXFileReference; lastKnownFileType = sourcecode.swift; path = TopTV.swift; sourceTree = "<group>"; };
		845CE5F52570162E00DF6CBF /* OnTheAir.swift */ = {isa = PBXFileReference; lastKnownFileType = sourcecode.swift; path = OnTheAir.swift; sourceTree = "<group>"; };
		845CE5F82570228500DF6CBF /* DetailsTVViewController.swift */ = {isa = PBXFileReference; lastKnownFileType = sourcecode.swift; path = DetailsTVViewController.swift; sourceTree = "<group>"; };
		845CE601257051A300DF6CBF /* ActorsTVTableViewCell.swift */ = {isa = PBXFileReference; lastKnownFileType = sourcecode.swift; path = ActorsTVTableViewCell.swift; sourceTree = "<group>"; };
		845CE6042571696B00DF6CBF /* SearchTableViewController.swift */ = {isa = PBXFileReference; lastKnownFileType = sourcecode.swift; path = SearchTableViewController.swift; sourceTree = "<group>"; };
		845CE6092571711200DF6CBF /* SearchMovie.swift */ = {isa = PBXFileReference; lastKnownFileType = sourcecode.swift; path = SearchMovie.swift; sourceTree = "<group>"; };
		845CE60C2571831000DF6CBF /* SearchTableViewCell.swift */ = {isa = PBXFileReference; lastKnownFileType = sourcecode.swift; path = SearchTableViewCell.swift; sourceTree = "<group>"; };
		845CE6112571AC1000DF6CBF /* SearchTVShow.swift */ = {isa = PBXFileReference; lastKnownFileType = sourcecode.swift; path = SearchTVShow.swift; sourceTree = "<group>"; };
		845FF3AD2561B73200932F28 /* MovieTableViewController.swift */ = {isa = PBXFileReference; lastKnownFileType = sourcecode.swift; path = MovieTableViewController.swift; sourceTree = "<group>"; };
		845FF3B12561B7BF00932F28 /* MovieTableViewCell.swift */ = {isa = PBXFileReference; lastKnownFileType = sourcecode.swift; path = MovieTableViewCell.swift; sourceTree = "<group>"; xcLanguageSpecificationIdentifier = xcode.lang.swift; };
		845FF3B42561BB5600932F28 /* Popular.swift */ = {isa = PBXFileReference; lastKnownFileType = sourcecode.swift; path = Popular.swift; sourceTree = "<group>"; };
		845FF3B72561C95C00932F28 /* NetworkManager.swift */ = {isa = PBXFileReference; lastKnownFileType = sourcecode.swift; path = NetworkManager.swift; sourceTree = "<group>"; };
		845FF3C22563172300932F28 /* TopList.swift */ = {isa = PBXFileReference; lastKnownFileType = sourcecode.swift; path = TopList.swift; sourceTree = "<group>"; };
		845FF3C92564539000932F28 /* Upcoming.swift */ = {isa = PBXFileReference; lastKnownFileType = sourcecode.swift; path = Upcoming.swift; sourceTree = "<group>"; };
		845FF3CC25645B2700932F28 /* ImageView.swift */ = {isa = PBXFileReference; lastKnownFileType = sourcecode.swift; path = ImageView.swift; sourceTree = "<group>"; };
		845FF3CF25645B5D00932F28 /* ImageManager.swift */ = {isa = PBXFileReference; lastKnownFileType = sourcecode.swift; path = ImageManager.swift; sourceTree = "<group>"; };
		845FF3D72565BFA000932F28 /* DetailsMovieViewController.swift */ = {isa = PBXFileReference; lastKnownFileType = sourcecode.swift; path = DetailsMovieViewController.swift; sourceTree = "<group>"; };
		84C64D12256DAFD700BC0E2E /* Credit.swift */ = {isa = PBXFileReference; lastKnownFileType = sourcecode.swift; path = Credit.swift; sourceTree = "<group>"; };
		84C64D15256DB27000BC0E2E /* ActorsTableViewCell.swift */ = {isa = PBXFileReference; lastKnownFileType = sourcecode.swift; path = ActorsTableViewCell.swift; sourceTree = "<group>"; };
		84E45D512568483C0018092C /* Video.swift */ = {isa = PBXFileReference; lastKnownFileType = sourcecode.swift; path = Video.swift; sourceTree = "<group>"; };
		84E45D5A25684CE90018092C /* VideoViewController.swift */ = {isa = PBXFileReference; lastKnownFileType = sourcecode.swift; path = VideoViewController.swift; sourceTree = "<group>"; };
		8593B6D3565F895255D39775 /* Pods-My Movie.release.xcconfig */ = {isa = PBXFileReference; includeInIndex = 1; lastKnownFileType = text.xcconfig; name = "Pods-My Movie.release.xcconfig"; path = "Target Support Files/Pods-My Movie/Pods-My Movie.release.xcconfig"; sourceTree = "<group>"; };
		BAE7C7126FAC84176E3FC3E9 /* Pods_My_Movie.framework */ = {isa = PBXFileReference; explicitFileType = wrapper.framework; includeInIndex = 0; path = Pods_My_Movie.framework; sourceTree = BUILT_PRODUCTS_DIR; };
/* End PBXFileReference section */

/* Begin PBXFrameworksBuildPhase section */
		84500388255FE83100968CBD /* Frameworks */ = {
			isa = PBXFrameworksBuildPhase;
			buildActionMask = 2147483647;
			files = (
				1F12665EF05212D73583BB06 /* Pods_My_Movie.framework in Frameworks */,
			);
			runOnlyForDeploymentPostprocessing = 0;
		};
/* End PBXFrameworksBuildPhase section */

/* Begin PBXGroup section */
		84500382255FE83100968CBD = {
			isa = PBXGroup;
			children = (
				8450038D255FE83100968CBD /* My Movie */,
				8450038C255FE83100968CBD /* Products */,
				EAAA468165137C77A5446334 /* Pods */,
				E2B7B6454E6D1A6EF2523C80 /* Frameworks */,
			);
			sourceTree = "<group>";
		};
		8450038C255FE83100968CBD /* Products */ = {
			isa = PBXGroup;
			children = (
				8450038B255FE83100968CBD /* My Movie.app */,
			);
			name = Products;
			sourceTree = "<group>";
		};
		8450038D255FE83100968CBD /* My Movie */ = {
			isa = PBXGroup;
			children = (
				845003A7255FE8E300968CBD /* Application */,
				845003A5255FE8C000968CBD /* Models */,
				845003A4255FE8B200968CBD /* ViewControllers */,
				845003A6255FE8CB00968CBD /* Storyboards */,
				845003AA255FE94D00968CBD /* Services */,
				845003BE25606E6200968CBD /* Extensions */,
				845003A9255FE91900968CBD /* Source */,
			);
			path = "My Movie";
			sourceTree = "<group>";
		};
		845003A4255FE8B200968CBD /* ViewControllers */ = {
			isa = PBXGroup;
			children = (
				845FF3AB2561B6E200932F28 /* Auth&SignUp */,
				845CE5E1256EDFC800DF6CBF /* MovieVC */,
				845CE5E2256EE01B00DF6CBF /* TV ShowVC */,
				845CE607257169A000DF6CBF /* Search */,
				84E45D5A25684CE90018092C /* VideoViewController.swift */,
			);
			path = ViewControllers;
			sourceTree = "<group>";
		};
		845003A5255FE8C000968CBD /* Models */ = {
			isa = PBXGroup;
			children = (
				845CE5E0256EDF7F00DF6CBF /* MovieModels */,
				845CE5EE256EF43B00DF6CBF /* TVModels */,
				84E45D512568483C0018092C /* Video.swift */,
				84C64D12256DAFD700BC0E2E /* Credit.swift */,
				845CE6092571711200DF6CBF /* SearchMovie.swift */,
				845CE6112571AC1000DF6CBF /* SearchTVShow.swift */,
			);
			path = Models;
			sourceTree = "<group>";
		};
		845003A6255FE8CB00968CBD /* Storyboards */ = {
			isa = PBXGroup;
			children = (
				84500394255FE83100968CBD /* Main.storyboard */,
				84500399255FE83300968CBD /* LaunchScreen.storyboard */,
			);
			path = Storyboards;
			sourceTree = "<group>";
		};
		845003A7255FE8E300968CBD /* Application */ = {
			isa = PBXGroup;
			children = (
				8450038E255FE83100968CBD /* AppDelegate.swift */,
				84500390255FE83100968CBD /* SceneDelegate.swift */,
				8450039C255FE83300968CBD /* Info.plist */,
			);
			path = Application;
			sourceTree = "<group>";
		};
		845003A9255FE91900968CBD /* Source */ = {
			isa = PBXGroup;
			children = (
				84500397255FE83300968CBD /* Assets.xcassets */,
			);
			path = Source;
			sourceTree = "<group>";
		};
		845003AA255FE94D00968CBD /* Services */ = {
			isa = PBXGroup;
			children = (
				845FF3B72561C95C00932F28 /* NetworkManager.swift */,
				845FF3CF25645B5D00932F28 /* ImageManager.swift */,
			);
			path = Services;
			sourceTree = "<group>";
		};
		845003BE25606E6200968CBD /* Extensions */ = {
			isa = PBXGroup;
			children = (
				845003BB25606C5000968CBD /* CustomizeGoogleButton.swift */,
			);
			path = Extensions;
			sourceTree = "<group>";
		};
		845CE5E0256EDF7F00DF6CBF /* MovieModels */ = {
			isa = PBXGroup;
			children = (
				845FF3B42561BB5600932F28 /* Popular.swift */,
				845FF3C22563172300932F28 /* TopList.swift */,
				845FF3C92564539000932F28 /* Upcoming.swift */,
			);
			path = MovieModels;
			sourceTree = "<group>";
		};
		845CE5E1256EDFC800DF6CBF /* MovieVC */ = {
			isa = PBXGroup;
			children = (
				845FF3AD2561B73200932F28 /* MovieTableViewController.swift */,
				845FF3D72565BFA000932F28 /* DetailsMovieViewController.swift */,
				845FF3B02561B75A00932F28 /* View */,
			);
			path = MovieVC;
			sourceTree = "<group>";
		};
		845CE5E2256EE01B00DF6CBF /* TV ShowVC */ = {
			isa = PBXGroup;
			children = (
				845CE5E7256EF36A00DF6CBF /* TVTableViewController.swift */,
				845CE5F82570228500DF6CBF /* DetailsTVViewController.swift */,
				845CE5EA256EF3B600DF6CBF /* View */,
			);
			name = "TV ShowVC";
			sourceTree = "<group>";
		};
		845CE5EA256EF3B600DF6CBF /* View */ = {
			isa = PBXGroup;
			children = (
				845CE5EB256EF3D100DF6CBF /* TVTableViewCell.swift */,
				845CE601257051A300DF6CBF /* ActorsTVTableViewCell.swift */,
			);
			name = View;
			sourceTree = "<group>";
		};
		845CE5EE256EF43B00DF6CBF /* TVModels */ = {
			isa = PBXGroup;
			children = (
				845CE5EF256EF4AA00DF6CBF /* PopularTV.swift */,
				845CE5F2257013CA00DF6CBF /* TopTV.swift */,
				845CE5F52570162E00DF6CBF /* OnTheAir.swift */,
			);
			path = TVModels;
			sourceTree = "<group>";
		};
		845CE607257169A000DF6CBF /* Search */ = {
			isa = PBXGroup;
			children = (
				845CE6042571696B00DF6CBF /* SearchTableViewController.swift */,
				845CE60F2571831700DF6CBF /* View */,
			);
			path = Search;
			sourceTree = "<group>";
		};
		845CE60F2571831700DF6CBF /* View */ = {
			isa = PBXGroup;
			children = (
				845CE60C2571831000DF6CBF /* SearchTableViewCell.swift */,
			);
			path = View;
			sourceTree = "<group>";
		};
		845FF3AB2561B6E200932F28 /* Auth&SignUp */ = {
			isa = PBXGroup;
			children = (
				84500392255FE83100968CBD /* AuthViewController.swift */,
				845003B12560586200968CBD /* SignUpViewController.swift */,
				845003B8256068F000968CBD /* LoginViewController.swift */,
			);
			path = "Auth&SignUp";
			sourceTree = "<group>";
		};
		845FF3B02561B75A00932F28 /* View */ = {
			isa = PBXGroup;
			children = (
				845FF3B12561B7BF00932F28 /* MovieTableViewCell.swift */,
				84C64D15256DB27000BC0E2E /* ActorsTableViewCell.swift */,
				845FF3CC25645B2700932F28 /* ImageView.swift */,
			);
			path = View;
			sourceTree = "<group>";
		};
		E2B7B6454E6D1A6EF2523C80 /* Frameworks */ = {
			isa = PBXGroup;
			children = (
				BAE7C7126FAC84176E3FC3E9 /* Pods_My_Movie.framework */,
			);
			name = Frameworks;
			sourceTree = "<group>";
		};
		EAAA468165137C77A5446334 /* Pods */ = {
			isa = PBXGroup;
			children = (
				467D3DEB8D53CDE718932478 /* Pods-My Movie.debug.xcconfig */,
				8593B6D3565F895255D39775 /* Pods-My Movie.release.xcconfig */,
			);
			path = Pods;
			sourceTree = "<group>";
		};
/* End PBXGroup section */

/* Begin PBXNativeTarget section */
		8450038A255FE83100968CBD /* My Movie */ = {
			isa = PBXNativeTarget;
			buildConfigurationList = 8450039F255FE83300968CBD /* Build configuration list for PBXNativeTarget "My Movie" */;
			buildPhases = (
				089BDB266443AF7650688FB6 /* [CP] Check Pods Manifest.lock */,
				84500387255FE83100968CBD /* Sources */,
				84500388255FE83100968CBD /* Frameworks */,
				84500389255FE83100968CBD /* Resources */,
				8F36934F04750244262F7D2D /* [CP] Embed Pods Frameworks */,
			);
			buildRules = (
			);
			dependencies = (
			);
			name = "My Movie";
			productName = "My Movie";
			productReference = 8450038B255FE83100968CBD /* My Movie.app */;
			productType = "com.apple.product-type.application";
		};
/* End PBXNativeTarget section */

/* Begin PBXProject section */
		84500383255FE83100968CBD /* Project object */ = {
			isa = PBXProject;
			attributes = {
				LastSwiftUpdateCheck = 1210;
				LastUpgradeCheck = 1210;
				TargetAttributes = {
					8450038A255FE83100968CBD = {
						CreatedOnToolsVersion = 12.1;
					};
				};
			};
			buildConfigurationList = 84500386255FE83100968CBD /* Build configuration list for PBXProject "My Movie" */;
			compatibilityVersion = "Xcode 9.3";
			developmentRegion = en;
			hasScannedForEncodings = 0;
			knownRegions = (
				en,
				Base,
			);
			mainGroup = 84500382255FE83100968CBD;
			productRefGroup = 8450038C255FE83100968CBD /* Products */;
			projectDirPath = "";
			projectRoot = "";
			targets = (
				8450038A255FE83100968CBD /* My Movie */,
			);
		};
/* End PBXProject section */

/* Begin PBXResourcesBuildPhase section */
		84500389255FE83100968CBD /* Resources */ = {
			isa = PBXResourcesBuildPhase;
			buildActionMask = 2147483647;
			files = (
				8450039B255FE83300968CBD /* LaunchScreen.storyboard in Resources */,
				84500398255FE83300968CBD /* Assets.xcassets in Resources */,
				84500396255FE83100968CBD /* Main.storyboard in Resources */,
			);
			runOnlyForDeploymentPostprocessing = 0;
		};
/* End PBXResourcesBuildPhase section */

/* Begin PBXShellScriptBuildPhase section */
		089BDB266443AF7650688FB6 /* [CP] Check Pods Manifest.lock */ = {
			isa = PBXShellScriptBuildPhase;
			buildActionMask = 2147483647;
			files = (
			);
			inputFileListPaths = (
			);
			inputPaths = (
				"${PODS_PODFILE_DIR_PATH}/Podfile.lock",
				"${PODS_ROOT}/Manifest.lock",
			);
			name = "[CP] Check Pods Manifest.lock";
			outputFileListPaths = (
			);
			outputPaths = (
				"$(DERIVED_FILE_DIR)/Pods-My Movie-checkManifestLockResult.txt",
			);
			runOnlyForDeploymentPostprocessing = 0;
			shellPath = /bin/sh;
			shellScript = "diff \"${PODS_PODFILE_DIR_PATH}/Podfile.lock\" \"${PODS_ROOT}/Manifest.lock\" > /dev/null\nif [ $? != 0 ] ; then\n    # print error to STDERR\n    echo \"error: The sandbox is not in sync with the Podfile.lock. Run 'pod install' or update your CocoaPods installation.\" >&2\n    exit 1\nfi\n# This output is used by Xcode 'outputs' to avoid re-running this script phase.\necho \"SUCCESS\" > \"${SCRIPT_OUTPUT_FILE_0}\"\n";
			showEnvVarsInLog = 0;
		};
		8F36934F04750244262F7D2D /* [CP] Embed Pods Frameworks */ = {
			isa = PBXShellScriptBuildPhase;
			buildActionMask = 2147483647;
			files = (
			);
			inputFileListPaths = (
				"${PODS_ROOT}/Target Support Files/Pods-My Movie/Pods-My Movie-frameworks-${CONFIGURATION}-input-files.xcfilelist",
			);
			name = "[CP] Embed Pods Frameworks";
			outputFileListPaths = (
				"${PODS_ROOT}/Target Support Files/Pods-My Movie/Pods-My Movie-frameworks-${CONFIGURATION}-output-files.xcfilelist",
			);
			runOnlyForDeploymentPostprocessing = 0;
			shellPath = /bin/sh;
			shellScript = "\"${PODS_ROOT}/Target Support Files/Pods-My Movie/Pods-My Movie-frameworks.sh\"\n";
			showEnvVarsInLog = 0;
		};
/* End PBXShellScriptBuildPhase section */

/* Begin PBXSourcesBuildPhase section */
		84500387255FE83100968CBD /* Sources */ = {
			isa = PBXSourcesBuildPhase;
			buildActionMask = 2147483647;
			files = (
				845CE6122571AC1000DF6CBF /* SearchTVShow.swift in Sources */,
				84C64D13256DAFD700BC0E2E /* Credit.swift in Sources */,
				845FF3C32563172300932F28 /* TopList.swift in Sources */,
				845003BC25606C5000968CBD /* CustomizeGoogleButton.swift in Sources */,
				845CE5E8256EF36A00DF6CBF /* TVTableViewController.swift in Sources */,
				84500393255FE83100968CBD /* AuthViewController.swift in Sources */,
				845FF3B82561C95C00932F28 /* NetworkManager.swift in Sources */,
				845FF3CD25645B2700932F28 /* ImageView.swift in Sources */,
				845CE5F0256EF4AA00DF6CBF /* PopularTV.swift in Sources */,
				8450038F255FE83100968CBD /* AppDelegate.swift in Sources */,
				845CE5F3257013CA00DF6CBF /* TopTV.swift in Sources */,
				845CE60D2571831000DF6CBF /* SearchTableViewCell.swift in Sources */,
				845003B22560586200968CBD /* SignUpViewController.swift in Sources */,
				845CE602257051A300DF6CBF /* ActorsTVTableViewCell.swift in Sources */,
				845CE5F62570162E00DF6CBF /* OnTheAir.swift in Sources */,
				845003B9256068F000968CBD /* LoginViewController.swift in Sources */,
				84E45D5B25684CE90018092C /* VideoViewController.swift in Sources */,
				845FF3B52561BB5600932F28 /* Popular.swift in Sources */,
				845FF3D025645B5D00932F28 /* ImageManager.swift in Sources */,
				84500391255FE83100968CBD /* SceneDelegate.swift in Sources */,
				845CE60A2571711200DF6CBF /* SearchMovie.swift in Sources */,
				845FF3B22561B7BF00932F28 /* MovieTableViewCell.swift in Sources */,
				845CE6052571696B00DF6CBF /* SearchTableViewController.swift in Sources */,
				845FF3AE2561B73200932F28 /* MovieTableViewController.swift in Sources */,
				845CE5EC256EF3D100DF6CBF /* TVTableViewCell.swift in Sources */,
				84E45D522568483C0018092C /* Video.swift in Sources */,
				845CE5F92570228500DF6CBF /* DetailsTVViewController.swift in Sources */,
				845FF3D82565BFA000932F28 /* DetailsMovieViewController.swift in Sources */,
				845FF3CA2564539000932F28 /* Upcoming.swift in Sources */,
				84C64D16256DB27000BC0E2E /* ActorsTableViewCell.swift in Sources */,
			);
			runOnlyForDeploymentPostprocessing = 0;
		};
/* End PBXSourcesBuildPhase section */

/* Begin PBXVariantGroup section */
		84500394255FE83100968CBD /* Main.storyboard */ = {
			isa = PBXVariantGroup;
			children = (
				84500395255FE83100968CBD /* Base */,
			);
			name = Main.storyboard;
			sourceTree = "<group>";
		};
		84500399255FE83300968CBD /* LaunchScreen.storyboard */ = {
			isa = PBXVariantGroup;
			children = (
				8450039A255FE83300968CBD /* Base */,
			);
			name = LaunchScreen.storyboard;
			sourceTree = "<group>";
		};
/* End PBXVariantGroup section */

/* Begin XCBuildConfiguration section */
		8450039D255FE83300968CBD /* Debug */ = {
			isa = XCBuildConfiguration;
			buildSettings = {
				ALWAYS_SEARCH_USER_PATHS = NO;
				CLANG_ANALYZER_NONNULL = YES;
				CLANG_ANALYZER_NUMBER_OBJECT_CONVERSION = YES_AGGRESSIVE;
				CLANG_CXX_LANGUAGE_STANDARD = "gnu++14";
				CLANG_CXX_LIBRARY = "libc++";
				CLANG_ENABLE_MODULES = YES;
				CLANG_ENABLE_OBJC_ARC = YES;
				CLANG_ENABLE_OBJC_WEAK = YES;
				CLANG_WARN_BLOCK_CAPTURE_AUTORELEASING = YES;
				CLANG_WARN_BOOL_CONVERSION = YES;
				CLANG_WARN_COMMA = YES;
				CLANG_WARN_CONSTANT_CONVERSION = YES;
				CLANG_WARN_DEPRECATED_OBJC_IMPLEMENTATIONS = YES;
				CLANG_WARN_DIRECT_OBJC_ISA_USAGE = YES_ERROR;
				CLANG_WARN_DOCUMENTATION_COMMENTS = YES;
				CLANG_WARN_EMPTY_BODY = YES;
				CLANG_WARN_ENUM_CONVERSION = YES;
				CLANG_WARN_INFINITE_RECURSION = YES;
				CLANG_WARN_INT_CONVERSION = YES;
				CLANG_WARN_NON_LITERAL_NULL_CONVERSION = YES;
				CLANG_WARN_OBJC_IMPLICIT_RETAIN_SELF = YES;
				CLANG_WARN_OBJC_LITERAL_CONVERSION = YES;
				CLANG_WARN_OBJC_ROOT_CLASS = YES_ERROR;
				CLANG_WARN_QUOTED_INCLUDE_IN_FRAMEWORK_HEADER = YES;
				CLANG_WARN_RANGE_LOOP_ANALYSIS = YES;
				CLANG_WARN_STRICT_PROTOTYPES = YES;
				CLANG_WARN_SUSPICIOUS_MOVE = YES;
				CLANG_WARN_UNGUARDED_AVAILABILITY = YES_AGGRESSIVE;
				CLANG_WARN_UNREACHABLE_CODE = YES;
				CLANG_WARN__DUPLICATE_METHOD_MATCH = YES;
				COPY_PHASE_STRIP = NO;
				DEBUG_INFORMATION_FORMAT = dwarf;
				ENABLE_STRICT_OBJC_MSGSEND = YES;
				ENABLE_TESTABILITY = YES;
				GCC_C_LANGUAGE_STANDARD = gnu11;
				GCC_DYNAMIC_NO_PIC = NO;
				GCC_NO_COMMON_BLOCKS = YES;
				GCC_OPTIMIZATION_LEVEL = 0;
				GCC_PREPROCESSOR_DEFINITIONS = (
					"DEBUG=1",
					"$(inherited)",
				);
				GCC_WARN_64_TO_32_BIT_CONVERSION = YES;
				GCC_WARN_ABOUT_RETURN_TYPE = YES_ERROR;
				GCC_WARN_UNDECLARED_SELECTOR = YES;
				GCC_WARN_UNINITIALIZED_AUTOS = YES_AGGRESSIVE;
				GCC_WARN_UNUSED_FUNCTION = YES;
				GCC_WARN_UNUSED_VARIABLE = YES;
				IPHONEOS_DEPLOYMENT_TARGET = 14.1;
				MTL_ENABLE_DEBUG_INFO = INCLUDE_SOURCE;
				MTL_FAST_MATH = YES;
				ONLY_ACTIVE_ARCH = YES;
				SDKROOT = iphoneos;
				SWIFT_ACTIVE_COMPILATION_CONDITIONS = DEBUG;
				SWIFT_OPTIMIZATION_LEVEL = "-Onone";
			};
			name = Debug;
		};
		8450039E255FE83300968CBD /* Release */ = {
			isa = XCBuildConfiguration;
			buildSettings = {
				ALWAYS_SEARCH_USER_PATHS = NO;
				CLANG_ANALYZER_NONNULL = YES;
				CLANG_ANALYZER_NUMBER_OBJECT_CONVERSION = YES_AGGRESSIVE;
				CLANG_CXX_LANGUAGE_STANDARD = "gnu++14";
				CLANG_CXX_LIBRARY = "libc++";
				CLANG_ENABLE_MODULES = YES;
				CLANG_ENABLE_OBJC_ARC = YES;
				CLANG_ENABLE_OBJC_WEAK = YES;
				CLANG_WARN_BLOCK_CAPTURE_AUTORELEASING = YES;
				CLANG_WARN_BOOL_CONVERSION = YES;
				CLANG_WARN_COMMA = YES;
				CLANG_WARN_CONSTANT_CONVERSION = YES;
				CLANG_WARN_DEPRECATED_OBJC_IMPLEMENTATIONS = YES;
				CLANG_WARN_DIRECT_OBJC_ISA_USAGE = YES_ERROR;
				CLANG_WARN_DOCUMENTATION_COMMENTS = YES;
				CLANG_WARN_EMPTY_BODY = YES;
				CLANG_WARN_ENUM_CONVERSION = YES;
				CLANG_WARN_INFINITE_RECURSION = YES;
				CLANG_WARN_INT_CONVERSION = YES;
				CLANG_WARN_NON_LITERAL_NULL_CONVERSION = YES;
				CLANG_WARN_OBJC_IMPLICIT_RETAIN_SELF = YES;
				CLANG_WARN_OBJC_LITERAL_CONVERSION = YES;
				CLANG_WARN_OBJC_ROOT_CLASS = YES_ERROR;
				CLANG_WARN_QUOTED_INCLUDE_IN_FRAMEWORK_HEADER = YES;
				CLANG_WARN_RANGE_LOOP_ANALYSIS = YES;
				CLANG_WARN_STRICT_PROTOTYPES = YES;
				CLANG_WARN_SUSPICIOUS_MOVE = YES;
				CLANG_WARN_UNGUARDED_AVAILABILITY = YES_AGGRESSIVE;
				CLANG_WARN_UNREACHABLE_CODE = YES;
				CLANG_WARN__DUPLICATE_METHOD_MATCH = YES;
				COPY_PHASE_STRIP = NO;
				DEBUG_INFORMATION_FORMAT = "dwarf-with-dsym";
				ENABLE_NS_ASSERTIONS = NO;
				ENABLE_STRICT_OBJC_MSGSEND = YES;
				GCC_C_LANGUAGE_STANDARD = gnu11;
				GCC_NO_COMMON_BLOCKS = YES;
				GCC_WARN_64_TO_32_BIT_CONVERSION = YES;
				GCC_WARN_ABOUT_RETURN_TYPE = YES_ERROR;
				GCC_WARN_UNDECLARED_SELECTOR = YES;
				GCC_WARN_UNINITIALIZED_AUTOS = YES_AGGRESSIVE;
				GCC_WARN_UNUSED_FUNCTION = YES;
				GCC_WARN_UNUSED_VARIABLE = YES;
				IPHONEOS_DEPLOYMENT_TARGET = 14.1;
				MTL_ENABLE_DEBUG_INFO = NO;
				MTL_FAST_MATH = YES;
				SDKROOT = iphoneos;
				SWIFT_COMPILATION_MODE = wholemodule;
				SWIFT_OPTIMIZATION_LEVEL = "-O";
				VALIDATE_PRODUCT = YES;
			};
			name = Release;
		};
		845003A0255FE83300968CBD /* Debug */ = {
			isa = XCBuildConfiguration;
			baseConfigurationReference = 467D3DEB8D53CDE718932478 /* Pods-My Movie.debug.xcconfig */;
			buildSettings = {
				ASSETCATALOG_COMPILER_APPICON_NAME = AppIcon;
				ASSETCATALOG_COMPILER_GLOBAL_ACCENT_COLOR_NAME = AccentColor;
				CODE_SIGN_STYLE = Automatic;
				INFOPLIST_FILE = "My Movie/Application/Info.plist";
				LD_RUNPATH_SEARCH_PATHS = (
					"$(inherited)",
					"@executable_path/Frameworks",
				);
				PRODUCT_BUNDLE_IDENTIFIER = "com.I-P-V.My-Movie";
				PRODUCT_NAME = "$(TARGET_NAME)";
				SWIFT_VERSION = 5.0;
				TARGETED_DEVICE_FAMILY = "1,2";
			};
			name = Debug;
		};
		845003A1255FE83300968CBD /* Release */ = {
			isa = XCBuildConfiguration;
			baseConfigurationReference = 8593B6D3565F895255D39775 /* Pods-My Movie.release.xcconfig */;
			buildSettings = {
				ASSETCATALOG_COMPILER_APPICON_NAME = AppIcon;
				ASSETCATALOG_COMPILER_GLOBAL_ACCENT_COLOR_NAME = AccentColor;
				CODE_SIGN_STYLE = Automatic;
				INFOPLIST_FILE = "My Movie/Application/Info.plist";
				LD_RUNPATH_SEARCH_PATHS = (
					"$(inherited)",
					"@executable_path/Frameworks",
				);
				PRODUCT_BUNDLE_IDENTIFIER = "com.I-P-V.My-Movie";
				PRODUCT_NAME = "$(TARGET_NAME)";
				SWIFT_VERSION = 5.0;
				TARGETED_DEVICE_FAMILY = "1,2";
			};
			name = Release;
		};
/* End XCBuildConfiguration section */

/* Begin XCConfigurationList section */
		84500386255FE83100968CBD /* Build configuration list for PBXProject "My Movie" */ = {
			isa = XCConfigurationList;
			buildConfigurations = (
				8450039D255FE83300968CBD /* Debug */,
				8450039E255FE83300968CBD /* Release */,
			);
			defaultConfigurationIsVisible = 0;
			defaultConfigurationName = Release;
		};
		8450039F255FE83300968CBD /* Build configuration list for PBXNativeTarget "My Movie" */ = {
			isa = XCConfigurationList;
			buildConfigurations = (
				845003A0255FE83300968CBD /* Debug */,
				845003A1255FE83300968CBD /* Release */,
			);
			defaultConfigurationIsVisible = 0;
			defaultConfigurationName = Release;
		};
/* End XCConfigurationList section */
	};
	rootObject = 84500383255FE83100968CBD /* Project object */;
}
