// !$*UTF8*$!
{
	archiveVersion = 1;
	classes = {
	};
	objectVersion = 50;
	objects = {

/* Begin PBXBuildFile section */
		8450038F255FE83100968CBD /* AppDelegate.swift in Sources */ = {isa = PBXBuildFile; fileRef = 8450038E255FE83100968CBD /* AppDelegate.swift */; };
		84500391255FE83100968CBD /* SceneDelegate.swift in Sources */ = {isa = PBXBuildFile; fileRef = 84500390255FE83100968CBD /* SceneDelegate.swift */; };
		84500393255FE83100968CBD /* AuthViewController.swift in Sources */ = {isa = PBXBuildFile; fileRef = 84500392255FE83100968CBD /* AuthViewController.swift */; };
		84500396255FE83100968CBD /* Main.storyboard in Resources */ = {isa = PBXBuildFile; fileRef = 84500394255FE83100968CBD /* Main.storyboard */; };
		84500398255FE83300968CBD /* Assets.xcassets in Resources */ = {isa = PBXBuildFile; fileRef = 84500397255FE83300968CBD /* Assets.xcassets */; };
		8450039B255FE83300968CBD /* LaunchScreen.storyboard in Resources */ = {isa = PBXBuildFile; fileRef = 84500399255FE83300968CBD /* LaunchScreen.storyboard */; };
		845003B22560586200968CBD /* SignUpViewController.swift in Sources */ = {isa = PBXBuildFile; fileRef = 845003B12560586200968CBD /* SignUpViewController.swift */; };
		845003B9256068F000968CBD /* LoginViewController.swift in Sources */ = {isa = PBXBuildFile; fileRef = 845003B8256068F000968CBD /* LoginViewController.swift */; };
		845003BC25606C5000968CBD /* CustomizeGoogleButton.swift in Sources */ = {isa = PBXBuildFile; fileRef = 845003BB25606C5000968CBD /* CustomizeGoogleButton.swift */; };
/* End PBXBuildFile section */

/* Begin PBXFileReference section */
		8450038B255FE83100968CBD /* My Movie.app */ = {isa = PBXFileReference; explicitFileType = wrapper.application; includeInIndex = 0; path = "My Movie.app"; sourceTree = BUILT_PRODUCTS_DIR; };
		8450038E255FE83100968CBD /* AppDelegate.swift */ = {isa = PBXFileReference; lastKnownFileType = sourcecode.swift; path = AppDelegate.swift; sourceTree = "<group>"; };
		84500390255FE83100968CBD /* SceneDelegate.swift */ = {isa = PBXFileReference; lastKnownFileType = sourcecode.swift; path = SceneDelegate.swift; sourceTree = "<group>"; };
		84500392255FE83100968CBD /* AuthViewController.swift */ = {isa = PBXFileReference; lastKnownFileType = sourcecode.swift; path = AuthViewController.swift; sourceTree = "<group>"; };
		84500395255FE83100968CBD /* Base */ = {isa = PBXFileReference; lastKnownFileType = file.storyboard; name = Base; path = Base.lproj/Main.storyboard; sourceTree = "<group>"; };
		84500397255FE83300968CBD /* Assets.xcassets */ = {isa = PBXFileReference; lastKnownFileType = folder.assetcatalog; path = Assets.xcassets; sourceTree = "<group>"; };
		8450039A255FE83300968CBD /* Base */ = {isa = PBXFileReference; lastKnownFileType = file.storyboard; name = Base; path = Base.lproj/LaunchScreen.storyboard; sourceTree = "<group>"; };
		8450039C255FE83300968CBD /* Info.plist */ = {isa = PBXFileReference; lastKnownFileType = text.plist.xml; path = Info.plist; sourceTree = "<group>"; };
		845003B12560586200968CBD /* SignUpViewController.swift */ = {isa = PBXFileReference; lastKnownFileType = sourcecode.swift; path = SignUpViewController.swift; sourceTree = "<group>"; };
		845003B8256068F000968CBD /* LoginViewController.swift */ = {isa = PBXFileReference; lastKnownFileType = sourcecode.swift; path = LoginViewController.swift; sourceTree = "<group>"; };
		845003BB25606C5000968CBD /* CustomizeGoogleButton.swift */ = {isa = PBXFileReference; lastKnownFileType = sourcecode.swift; path = CustomizeGoogleButton.swift; sourceTree = "<group>"; };
/* End PBXFileReference section */

/* Begin PBXFrameworksBuildPhase section */
		84500388255FE83100968CBD /* Frameworks */ = {
			isa = PBXFrameworksBuildPhase;
			buildActionMask = 2147483647;
			files = (
			);
			runOnlyForDeploymentPostprocessing = 0;
		};
/* End PBXFrameworksBuildPhase section */

/* Begin PBXGroup section */
		84500382255FE83100968CBD = {
			isa = PBXGroup;
			children = (
				8450038D255FE83100968CBD /* My Movie */,
				8450038C255FE83100968CBD /* Products */,
			);
			sourceTree = "<group>";
		};
		8450038C255FE83100968CBD /* Products */ = {
			isa = PBXGroup;
			children = (
				8450038B255FE83100968CBD /* My Movie.app */,
			);
			name = Products;
			sourceTree = "<group>";
		};
		8450038D255FE83100968CBD /* My Movie */ = {
			isa = PBXGroup;
			children = (
				845003A5255FE8C000968CBD /* Models */,
				845003A4255FE8B200968CBD /* ViewControllers */,
				845003BE25606E6200968CBD /* Extensions */,
				845003A6255FE8CB00968CBD /* Storyboards */,
				845003AA255FE94D00968CBD /* Services */,
				845003A9255FE91900968CBD /* Source */,
				845003A7255FE8E300968CBD /* Support */,
			);
			path = "My Movie";
			sourceTree = "<group>";
		};
		845003A4255FE8B200968CBD /* ViewControllers */ = {
			isa = PBXGroup;
			children = (
				84500392255FE83100968CBD /* AuthViewController.swift */,
				845003B12560586200968CBD /* SignUpViewController.swift */,
				845003B8256068F000968CBD /* LoginViewController.swift */,
			);
			path = ViewControllers;
			sourceTree = "<group>";
		};
		845003A5255FE8C000968CBD /* Models */ = {
			isa = PBXGroup;
			children = (
			);
			path = Models;
			sourceTree = "<group>";
		};
		845003A6255FE8CB00968CBD /* Storyboards */ = {
			isa = PBXGroup;
			children = (
				84500394255FE83100968CBD /* Main.storyboard */,
				84500399255FE83300968CBD /* LaunchScreen.storyboard */,
			);
			path = Storyboards;
			sourceTree = "<group>";
		};
		845003A7255FE8E300968CBD /* Support */ = {
			isa = PBXGroup;
			children = (
				8450038E255FE83100968CBD /* AppDelegate.swift */,
				84500390255FE83100968CBD /* SceneDelegate.swift */,
				8450039C255FE83300968CBD /* Info.plist */,
			);
			path = Support;
			sourceTree = "<group>";
		};
		845003A9255FE91900968CBD /* Source */ = {
			isa = PBXGroup;
			children = (
				84500397255FE83300968CBD /* Assets.xcassets */,
			);
			path = Source;
			sourceTree = "<group>";
		};
		845003AA255FE94D00968CBD /* Services */ = {
			isa = PBXGroup;
			children = (
			);
			path = Services;
			sourceTree = "<group>";
		};
		845003BE25606E6200968CBD /* Extensions */ = {
			isa = PBXGroup;
			children = (
				845003BB25606C5000968CBD /* CustomizeGoogleButton.swift */,
			);
			path = Extensions;
			sourceTree = "<group>";
		};
/* End PBXGroup section */

/* Begin PBXNativeTarget section */
		8450038A255FE83100968CBD /* My Movie */ = {
			isa = PBXNativeTarget;
			buildConfigurationList = 8450039F255FE83300968CBD /* Build configuration list for PBXNativeTarget "My Movie" */;
			buildPhases = (
				84500387255FE83100968CBD /* Sources */,
				84500388255FE83100968CBD /* Frameworks */,
				84500389255FE83100968CBD /* Resources */,
			);
			buildRules = (
			);
			dependencies = (
			);
			name = "My Movie";
			productName = "My Movie";
			productReference = 8450038B255FE83100968CBD /* My Movie.app */;
			productType = "com.apple.product-type.application";
		};
/* End PBXNativeTarget section */

/* Begin PBXProject section */
		84500383255FE83100968CBD /* Project object */ = {
			isa = PBXProject;
			attributes = {
				LastSwiftUpdateCheck = 1210;
				LastUpgradeCheck = 1210;
				TargetAttributes = {
					8450038A255FE83100968CBD = {
						CreatedOnToolsVersion = 12.1;
					};
				};
			};
			buildConfigurationList = 84500386255FE83100968CBD /* Build configuration list for PBXProject "My Movie" */;
			compatibilityVersion = "Xcode 9.3";
			developmentRegion = en;
			hasScannedForEncodings = 0;
			knownRegions = (
				en,
				Base,
			);
			mainGroup = 84500382255FE83100968CBD;
			productRefGroup = 8450038C255FE83100968CBD /* Products */;
			projectDirPath = "";
			projectRoot = "";
			targets = (
				8450038A255FE83100968CBD /* My Movie */,
			);
		};
/* End PBXProject section */

/* Begin PBXResourcesBuildPhase section */
		84500389255FE83100968CBD /* Resources */ = {
			isa = PBXResourcesBuildPhase;
			buildActionMask = 2147483647;
			files = (
				8450039B255FE83300968CBD /* LaunchScreen.storyboard in Resources */,
				84500398255FE83300968CBD /* Assets.xcassets in Resources */,
				84500396255FE83100968CBD /* Main.storyboard in Resources */,
			);
			runOnlyForDeploymentPostprocessing = 0;
		};
/* End PBXResourcesBuildPhase section */

/* Begin PBXSourcesBuildPhase section */
		84500387255FE83100968CBD /* Sources */ = {
			isa = PBXSourcesBuildPhase;
			buildActionMask = 2147483647;
			files = (
				845003BC25606C5000968CBD /* CustomizeGoogleButton.swift in Sources */,
				84500393255FE83100968CBD /* AuthViewController.swift in Sources */,
				8450038F255FE83100968CBD /* AppDelegate.swift in Sources */,
				845003B22560586200968CBD /* SignUpViewController.swift in Sources */,
				845003B9256068F000968CBD /* LoginViewController.swift in Sources */,
				84500391255FE83100968CBD /* SceneDelegate.swift in Sources */,
			);
			runOnlyForDeploymentPostprocessing = 0;
		};
/* End PBXSourcesBuildPhase section */

/* Begin PBXVariantGroup section */
		84500394255FE83100968CBD /* Main.storyboard */ = {
			isa = PBXVariantGroup;
			children = (
				84500395255FE83100968CBD /* Base */,
			);
			name = Main.storyboard;
			sourceTree = "<group>";
		};
		84500399255FE83300968CBD /* LaunchScreen.storyboard */ = {
			isa = PBXVariantGroup;
			children = (
				8450039A255FE83300968CBD /* Base */,
			);
			name = LaunchScreen.storyboard;
			sourceTree = "<group>";
		};
/* End PBXVariantGroup section */

/* Begin XCBuildConfiguration section */
		8450039D255FE83300968CBD /* Debug */ = {
			isa = XCBuildConfiguration;
			buildSettings = {
				ALWAYS_SEARCH_USER_PATHS = NO;
				CLANG_ANALYZER_NONNULL = YES;
				CLANG_ANALYZER_NUMBER_OBJECT_CONVERSION = YES_AGGRESSIVE;
				CLANG_CXX_LANGUAGE_STANDARD = "gnu++14";
				CLANG_CXX_LIBRARY = "libc++";
				CLANG_ENABLE_MODULES = YES;
				CLANG_ENABLE_OBJC_ARC = YES;
				CLANG_ENABLE_OBJC_WEAK = YES;
				CLANG_WARN_BLOCK_CAPTURE_AUTORELEASING = YES;
				CLANG_WARN_BOOL_CONVERSION = YES;
				CLANG_WARN_COMMA = YES;
				CLANG_WARN_CONSTANT_CONVERSION = YES;
				CLANG_WARN_DEPRECATED_OBJC_IMPLEMENTATIONS = YES;
				CLANG_WARN_DIRECT_OBJC_ISA_USAGE = YES_ERROR;
				CLANG_WARN_DOCUMENTATION_COMMENTS = YES;
				CLANG_WARN_EMPTY_BODY = YES;
				CLANG_WARN_ENUM_CONVERSION = YES;
				CLANG_WARN_INFINITE_RECURSION = YES;
				CLANG_WARN_INT_CONVERSION = YES;
				CLANG_WARN_NON_LITERAL_NULL_CONVERSION = YES;
				CLANG_WARN_OBJC_IMPLICIT_RETAIN_SELF = YES;
				CLANG_WARN_OBJC_LITERAL_CONVERSION = YES;
				CLANG_WARN_OBJC_ROOT_CLASS = YES_ERROR;
				CLANG_WARN_QUOTED_INCLUDE_IN_FRAMEWORK_HEADER = YES;
				CLANG_WARN_RANGE_LOOP_ANALYSIS = YES;
				CLANG_WARN_STRICT_PROTOTYPES = YES;
				CLANG_WARN_SUSPICIOUS_MOVE = YES;
				CLANG_WARN_UNGUARDED_AVAILABILITY = YES_AGGRESSIVE;
				CLANG_WARN_UNREACHABLE_CODE = YES;
				CLANG_WARN__DUPLICATE_METHOD_MATCH = YES;
				COPY_PHASE_STRIP = NO;
				DEBUG_INFORMATION_FORMAT = dwarf;
				ENABLE_STRICT_OBJC_MSGSEND = YES;
				ENABLE_TESTABILITY = YES;
				GCC_C_LANGUAGE_STANDARD = gnu11;
				GCC_DYNAMIC_NO_PIC = NO;
				GCC_NO_COMMON_BLOCKS = YES;
				GCC_OPTIMIZATION_LEVEL = 0;
				GCC_PREPROCESSOR_DEFINITIONS = (
					"DEBUG=1",
					"$(inherited)",
				);
				GCC_WARN_64_TO_32_BIT_CONVERSION = YES;
				GCC_WARN_ABOUT_RETURN_TYPE = YES_ERROR;
				GCC_WARN_UNDECLARED_SELECTOR = YES;
				GCC_WARN_UNINITIALIZED_AUTOS = YES_AGGRESSIVE;
				GCC_WARN_UNUSED_FUNCTION = YES;
				GCC_WARN_UNUSED_VARIABLE = YES;
				IPHONEOS_DEPLOYMENT_TARGET = 14.1;
				MTL_ENABLE_DEBUG_INFO = INCLUDE_SOURCE;
				MTL_FAST_MATH = YES;
				ONLY_ACTIVE_ARCH = YES;
				SDKROOT = iphoneos;
				SWIFT_ACTIVE_COMPILATION_CONDITIONS = DEBUG;
				SWIFT_OPTIMIZATION_LEVEL = "-Onone";
			};
			name = Debug;
		};
		8450039E255FE83300968CBD /* Release */ = {
			isa = XCBuildConfiguration;
			buildSettings = {
				ALWAYS_SEARCH_USER_PATHS = NO;
				CLANG_ANALYZER_NONNULL = YES;
				CLANG_ANALYZER_NUMBER_OBJECT_CONVERSION = YES_AGGRESSIVE;
				CLANG_CXX_LANGUAGE_STANDARD = "gnu++14";
				CLANG_CXX_LIBRARY = "libc++";
				CLANG_ENABLE_MODULES = YES;
				CLANG_ENABLE_OBJC_ARC = YES;
				CLANG_ENABLE_OBJC_WEAK = YES;
				CLANG_WARN_BLOCK_CAPTURE_AUTORELEASING = YES;
				CLANG_WARN_BOOL_CONVERSION = YES;
				CLANG_WARN_COMMA = YES;
				CLANG_WARN_CONSTANT_CONVERSION = YES;
				CLANG_WARN_DEPRECATED_OBJC_IMPLEMENTATIONS = YES;
				CLANG_WARN_DIRECT_OBJC_ISA_USAGE = YES_ERROR;
				CLANG_WARN_DOCUMENTATION_COMMENTS = YES;
				CLANG_WARN_EMPTY_BODY = YES;
				CLANG_WARN_ENUM_CONVERSION = YES;
				CLANG_WARN_INFINITE_RECURSION = YES;
				CLANG_WARN_INT_CONVERSION = YES;
				CLANG_WARN_NON_LITERAL_NULL_CONVERSION = YES;
				CLANG_WARN_OBJC_IMPLICIT_RETAIN_SELF = YES;
				CLANG_WARN_OBJC_LITERAL_CONVERSION = YES;
				CLANG_WARN_OBJC_ROOT_CLASS = YES_ERROR;
				CLANG_WARN_QUOTED_INCLUDE_IN_FRAMEWORK_HEADER = YES;
				CLANG_WARN_RANGE_LOOP_ANALYSIS = YES;
				CLANG_WARN_STRICT_PROTOTYPES = YES;
				CLANG_WARN_SUSPICIOUS_MOVE = YES;
				CLANG_WARN_UNGUARDED_AVAILABILITY = YES_AGGRESSIVE;
				CLANG_WARN_UNREACHABLE_CODE = YES;
				CLANG_WARN__DUPLICATE_METHOD_MATCH = YES;
				COPY_PHASE_STRIP = NO;
				DEBUG_INFORMATION_FORMAT = "dwarf-with-dsym";
				ENABLE_NS_ASSERTIONS = NO;
				ENABLE_STRICT_OBJC_MSGSEND = YES;
				GCC_C_LANGUAGE_STANDARD = gnu11;
				GCC_NO_COMMON_BLOCKS = YES;
				GCC_WARN_64_TO_32_BIT_CONVERSION = YES;
				GCC_WARN_ABOUT_RETURN_TYPE = YES_ERROR;
				GCC_WARN_UNDECLARED_SELECTOR = YES;
				GCC_WARN_UNINITIALIZED_AUTOS = YES_AGGRESSIVE;
				GCC_WARN_UNUSED_FUNCTION = YES;
				GCC_WARN_UNUSED_VARIABLE = YES;
				IPHONEOS_DEPLOYMENT_TARGET = 14.1;
				MTL_ENABLE_DEBUG_INFO = NO;
				MTL_FAST_MATH = YES;
				SDKROOT = iphoneos;
				SWIFT_COMPILATION_MODE = wholemodule;
				SWIFT_OPTIMIZATION_LEVEL = "-O";
				VALIDATE_PRODUCT = YES;
			};
			name = Release;
		};
		845003A0255FE83300968CBD /* Debug */ = {
			isa = XCBuildConfiguration;
			buildSettings = {
				ASSETCATALOG_COMPILER_APPICON_NAME = AppIcon;
				ASSETCATALOG_COMPILER_GLOBAL_ACCENT_COLOR_NAME = AccentColor;
				CODE_SIGN_STYLE = Automatic;
				INFOPLIST_FILE = "My Movie/Support/Info.plist";
				LD_RUNPATH_SEARCH_PATHS = (
					"$(inherited)",
					"@executable_path/Frameworks",
				);
				PRODUCT_BUNDLE_IDENTIFIER = "com.I-P-V.My-Movie";
				PRODUCT_NAME = "$(TARGET_NAME)";
				SWIFT_VERSION = 5.0;
				TARGETED_DEVICE_FAMILY = "1,2";
			};
			name = Debug;
		};
		845003A1255FE83300968CBD /* Release */ = {
			isa = XCBuildConfiguration;
			buildSettings = {
				ASSETCATALOG_COMPILER_APPICON_NAME = AppIcon;
				ASSETCATALOG_COMPILER_GLOBAL_ACCENT_COLOR_NAME = AccentColor;
				CODE_SIGN_STYLE = Automatic;
				INFOPLIST_FILE = "My Movie/Support/Info.plist";
				LD_RUNPATH_SEARCH_PATHS = (
					"$(inherited)",
					"@executable_path/Frameworks",
				);
				PRODUCT_BUNDLE_IDENTIFIER = "com.I-P-V.My-Movie";
				PRODUCT_NAME = "$(TARGET_NAME)";
				SWIFT_VERSION = 5.0;
				TARGETED_DEVICE_FAMILY = "1,2";
			};
			name = Release;
		};
/* End XCBuildConfiguration section */

/* Begin XCConfigurationList section */
		84500386255FE83100968CBD /* Build configuration list for PBXProject "My Movie" */ = {
			isa = XCConfigurationList;
			buildConfigurations = (
				8450039D255FE83300968CBD /* Debug */,
				8450039E255FE83300968CBD /* Release */,
			);
			defaultConfigurationIsVisible = 0;
			defaultConfigurationName = Release;
		};
		8450039F255FE83300968CBD /* Build configuration list for PBXNativeTarget "My Movie" */ = {
			isa = XCConfigurationList;
			buildConfigurations = (
				845003A0255FE83300968CBD /* Debug */,
				845003A1255FE83300968CBD /* Release */,
			);
			defaultConfigurationIsVisible = 0;
			defaultConfigurationName = Release;
		};
/* End XCConfigurationList section */
	};
	rootObject = 84500383255FE83100968CBD /* Project object */;
}
